
Microsoft Visual Studio Solution File, Format Version 12.00
# Visual Studio Version 16
VisualStudioVersion = 16.0.31729.503
MinimumVisualStudioVersion = 10.0.40219.1
Project("{FAE04EC0-301F-11D3-BF4B-00C04F79EFBC}") = "BookingPageTest", "src\BookingPageTest\BookingPageTest.csproj", "{F70F3649-F251-48C1-9454-CC9892B9F67D}"
EndProject
Global
	GlobalSection(SolutionConfigurationPlatforms) = preSolution
		Debug|Any CPU = Debug|Any CPU
		Release|Any CPU = Release|Any CPU
	EndGlobalSection
	GlobalSection(ProjectConfigurationPlatforms) = postSolution
		{F70F3649-F251-48C1-9454-CC9892B9F67D}.Debug|Any CPU.ActiveCfg = Debug|Any CPU
		{F70F3649-F251-48C1-9454-CC9892B9F67D}.Debug|Any CPU.Build.0 = Debug|Any CPU
		{F70F3649-F251-48C1-9454-CC9892B9F67D}.Release|Any CPU.ActiveCfg = Release|Any CPU
		{F70F3649-F251-48C1-9454-CC9892B9F67D}.Release|Any CPU.Build.0 = Release|Any CPU
	EndGlobalSection
	GlobalSection(SolutionProperties) = preSolution
		HideSolutionNode = FALSE
	EndGlobalSection
	GlobalSection(ExtensibilityGlobals) = postSolution
		SolutionGuid = {0D98D330-61A0-4125-BA7C-8918A47C35B8}
	EndGlobalSection
EndGlobal
